
Microsoft Visual Studio Solution File, Format Version 12.00
# Visual Studio Version 17
VisualStudioVersion = 17.5.002.0
MinimumVisualStudioVersion = 10.0.40219.1
Project("{9A19103F-16F7-4668-BE54-9A1E7A4F7556}") = "Example001_Hello", "Example001_Hello.csproj", "{FBCFBBFF-C2E1-4713-94E5-B15E434E16B8}"
EndProject
Global
	GlobalSection(SolutionConfigurationPlatforms) = preSolution
		Debug|Any CPU = Debug|Any CPU
		Release|Any CPU = Release|Any CPU
	EndGlobalSection
	GlobalSection(ProjectConfigurationPlatforms) = postSolution
		{FBCFBBFF-C2E1-4713-94E5-B15E434E16B8}.Debug|Any CPU.ActiveCfg = Debug|Any CPU
		{FBCFBBFF-C2E1-4713-94E5-B15E434E16B8}.Debug|Any CPU.Build.0 = Debug|Any CPU
		{FBCFBBFF-C2E1-4713-94E5-B15E434E16B8}.Release|Any CPU.ActiveCfg = Release|Any CPU
		{FBCFBBFF-C2E1-4713-94E5-B15E434E16B8}.Release|Any CPU.Build.0 = Release|Any CPU
	EndGlobalSection
	GlobalSection(SolutionProperties) = preSolution
		HideSolutionNode = FALSE
	EndGlobalSection
	GlobalSection(ExtensibilityGlobals) = postSolution
		SolutionGuid = {9E99730D-8141-4888-B892-77A197353E60}
	EndGlobalSection
EndGlobal
